github.com/benburkert/dns v0.0.0-20190225204957-d356cf78cdfc h1:eyDlmf21vuKN61WoxV2cQLDH/PBDyyjIhUI4kT2o1yM=
github.com/benburkert/dns v0.0.0-20190225204957-d356cf78cdfc/go.mod h1:6ul4nJKqsreAIBK5lUkibcUn2YBU6CvDzlKDH+dtZsQ=
github.com/cpuguy83/go-md2man/v2 v2.0.2 h1:p1EgwI/C7NhT0JmVkwCD2ZBK8j4aeHQX2pMHHBfMQ6w=
github.com/cpuguy83/go-md2man/v2 v2.0.2/go.mod h1:tgQtvFlXSQOSOSIRvRPT7W67SCa46tRHOmNcaadrF8o=
github.com/google/go-cmp v0.5.7 h1:81/ik6ipDQS2aGcBfIN5dHDB36BwrStyeAQquSYCV4o=
github.com/pkg/errors v0.9.1 h1:FEBLx1zS214owpjy7qsBeixbURkuhQAwrK5UwLGTwt4=
github.com/pkg/errors v0.9.1/go.mod h1:bwawxfHBFNV+L2hUp1rHADufV3IMtnDRdf1r5NINEl0=
github.com/russross/blackfriday/v2 v2.1.0 h1:JIOH55/0cWyOuilr9/qlrm0BSXldqnqwMsf35Ld67mk=
github.com/russross/blackfriday/v2 v2.1.0/go.mod h1:+Rmxgy9KzJVeS9/2gXHxylqXiyQDYRxCVz55jmeOWTM=
github.com/urfave/cli/v2 v2.16.3 h1:gHoFIwpPjoyIMbJp/VFd+/vuD0dAgFK4B6DpEMFJfQk=
github.com/urfave/cli/v2 v2.16.3/go.mod h1:1CNUng3PtjQMtRzJO4FMXBQvkGtuYRxxiR9xMa7jMwI=
github.com/xrash/smetrics v0.0.0-20201216005158-039620a65673 h1:bAn7/zixMGCfxrRTfdpNzjtPYqr8smhKouy9mxVdGPU=
github.com/xrash/smetrics v0.0.0-20201216005158-039620a65673/go.mod h1:N3UwUGtsrSj3ccvlPHLoLsHnpR27oXr4ZE984MbSER8=
golang.org/x/crypto v0.0.0-20220411220226-7b82a4e95df4 h1:kUhD7nTDoI3fVd9G4ORWrbV5NY0liEs/Jg2pv5f+bBA=
golang.org/x/crypto v0.0.0-20220411220226-7b82a4e95df4/go.mod h1:IxCIyHEi3zRg3s0A5j5BB6A9Jmi73HwBIUl50j+osU4=
golang.org/x/sync v0.0.0-20210220032951-036812b2e83c h1:5KslGYwFpkhGh+Q16bwMP3cOontH8FOep7tGV86Y7SQ=
golang.zx2c4.com/wireguard/wgctrl v0.0.0-20220916014741-473347a5e6e3 h1:ARxNdT6I+00ZyY5yRT/ZECkQti4iGrMZX9dvG/ao/LY=
golang.zx2c4.com/wireguard/wgctrl v0.0.0-20220916014741-473347a5e6e3/go.mod h1:yp4gl6zOlnDGOZeWeDfMwQcsdOIQnMdhuPx9mwwWBL4=
